
Microsoft Visual Studio Solution File, Format Version 12.00
# Visual Studio Version 16
VisualStudioVersion = 16.0.29911.84
MinimumVisualStudioVersion = 10.0.40219.1
Project("{9A19103F-16F7-4668-BE54-9A1E7A4F7556}") = "FinalProjectCompanyProgram", "FinalProjectCompanyProgram\FinalProjectCompanyProgram.csproj", "{EC5BA642-197F-42EB-82DA-312A0DBA33DD}"
EndProject
Global
	GlobalSection(SolutionConfigurationPlatforms) = preSolution
		Debug|Any CPU = Debug|Any CPU
		Release|Any CPU = Release|Any CPU
	EndGlobalSection
	GlobalSection(ProjectConfigurationPlatforms) = postSolution
		{EC5BA642-197F-42EB-82DA-312A0DBA33DD}.Debug|Any CPU.ActiveCfg = Debug|Any CPU
		{EC5BA642-197F-42EB-82DA-312A0DBA33DD}.Debug|Any CPU.Build.0 = Debug|Any CPU
		{EC5BA642-197F-42EB-82DA-312A0DBA33DD}.Release|Any CPU.ActiveCfg = Release|Any CPU
		{EC5BA642-197F-42EB-82DA-312A0DBA33DD}.Release|Any CPU.Build.0 = Release|Any CPU
	EndGlobalSection
	GlobalSection(SolutionProperties) = preSolution
		HideSolutionNode = FALSE
	EndGlobalSection
	GlobalSection(ExtensibilityGlobals) = postSolution
		SolutionGuid = {EB7AF504-0DAF-44EB-A022-F5D4953EB11A}
	EndGlobalSection
EndGlobal
